
Microsoft Visual Studio Solution File, Format Version 12.00
# Visual Studio Version 16
VisualStudioVersion = 16.0.32510.428
MinimumVisualStudioVersion = 10.0.40219.1
Project("{8BC9CEB8-8B4A-11D0-8D11-00A0C91BC942}") = "Ex3", "Ex3.vcxproj", "{05600291-15A2-45B4-894A-DC6CF99F2C67}"
EndProject
Global
	GlobalSection(SolutionConfigurationPlatforms) = preSolution
		Debug|x64 = Debug|x64
		Debug|x86 = Debug|x86
		Release|x64 = Release|x64
		Release|x86 = Release|x86
	EndGlobalSection
	GlobalSection(ProjectConfigurationPlatforms) = postSolution
		{05600291-15A2-45B4-894A-DC6CF99F2C67}.Debug|x64.ActiveCfg = Debug|x64
		{05600291-15A2-45B4-894A-DC6CF99F2C67}.Debug|x64.Build.0 = Debug|x64
		{05600291-15A2-45B4-894A-DC6CF99F2C67}.Debug|x86.ActiveCfg = Debug|Win32
		{05600291-15A2-45B4-894A-DC6CF99F2C67}.Debug|x86.Build.0 = Debug|Win32
		{05600291-15A2-45B4-894A-DC6CF99F2C67}.Release|x64.ActiveCfg = Release|x64
		{05600291-15A2-45B4-894A-DC6CF99F2C67}.Release|x64.Build.0 = Release|x64
		{05600291-15A2-45B4-894A-DC6CF99F2C67}.Release|x86.ActiveCfg = Release|Win32
		{05600291-15A2-45B4-894A-DC6CF99F2C67}.Release|x86.Build.0 = Release|Win32
	EndGlobalSection
	GlobalSection(SolutionProperties) = preSolution
		HideSolutionNode = FALSE
	EndGlobalSection
	GlobalSection(ExtensibilityGlobals) = postSolution
		SolutionGuid = {2ED0515D-6434-437A-991A-8B2D71B8F528}
	EndGlobalSection
EndGlobal
