
Microsoft Visual Studio Solution File, Format Version 12.00
# Visual Studio Version 16
VisualStudioVersion = 16.0.32510.428
MinimumVisualStudioVersion = 10.0.40219.1
Project("{8BC9CEB8-8B4A-11D0-8D11-00A0C91BC942}") = "Inheritance", "Inheritance.vcxproj", "{A3EB163A-9304-47DB-80A7-5EA58A692E5F}"
EndProject
Global
	GlobalSection(SolutionConfigurationPlatforms) = preSolution
		Debug|x64 = Debug|x64
		Debug|x86 = Debug|x86
		Release|x64 = Release|x64
		Release|x86 = Release|x86
	EndGlobalSection
	GlobalSection(ProjectConfigurationPlatforms) = postSolution
		{A3EB163A-9304-47DB-80A7-5EA58A692E5F}.Debug|x64.ActiveCfg = Debug|x64
		{A3EB163A-9304-47DB-80A7-5EA58A692E5F}.Debug|x64.Build.0 = Debug|x64
		{A3EB163A-9304-47DB-80A7-5EA58A692E5F}.Debug|x86.ActiveCfg = Debug|Win32
		{A3EB163A-9304-47DB-80A7-5EA58A692E5F}.Debug|x86.Build.0 = Debug|Win32
		{A3EB163A-9304-47DB-80A7-5EA58A692E5F}.Release|x64.ActiveCfg = Release|x64
		{A3EB163A-9304-47DB-80A7-5EA58A692E5F}.Release|x64.Build.0 = Release|x64
		{A3EB163A-9304-47DB-80A7-5EA58A692E5F}.Release|x86.ActiveCfg = Release|Win32
		{A3EB163A-9304-47DB-80A7-5EA58A692E5F}.Release|x86.Build.0 = Release|Win32
	EndGlobalSection
	GlobalSection(SolutionProperties) = preSolution
		HideSolutionNode = FALSE
	EndGlobalSection
	GlobalSection(ExtensibilityGlobals) = postSolution
		SolutionGuid = {1477210F-C227-4421-8B50-2518AD811CC8}
	EndGlobalSection
EndGlobal
